<?xml version="1.0" encoding="utf-8"?>
<Project ToolsVersion="4.0" xmlns="http://schemas.microsoft.com/developer/msbuild/2003">
  <ItemGroup>
    <Filter Include="Source Files">
      <UniqueIdentifier>{4FC737F1-C7A5-4376-A066-2A32D752A2FF}</UniqueIdentifier>
      <Extensions>cpp;c;cc;cxx;def;odl;idl;hpj;bat;asm;asmx</Extensions>
    </Filter>
    <Filter Include="Header Files">
      <UniqueIdentifier>{93995380-89BD-4b04-88EB-625FBE52EBFB}</UniqueIdentifier>
      <Extensions>h;hh;hpp;hxx;hm;inl;inc;xsd</Extensions>
    </Filter>
    <Filter Include="Resource Files">
      <UniqueIdentifier>{67DA6AB6-F800-4c08-8B7A-83BB121AAD01}</UniqueIdentifier>
      <Extensions>rc;ico;cur;bmp;dlg;rc2;rct;bin;rgs;gif;jpg;jpeg;jpe;resx;tiff;tif;png;wav;mfcribbon-ms</Extensions>
    </Filter>
  </ItemGroup>
  <ItemGroup>
    <ClInclude Include="include\AVI20\AVI20Defs.h">
      <Filter>Header Files</Filter>
    </ClInclude>
    <ClInclude Include="include\AVI20\AVI20Types.h">
      <Filter>Header Files</Filter>
    </ClInclude>
    <ClInclude Include="include\AVI20\Buffer.h">
      <Filter>Header Files</Filter>
    </ClInclude>
    <ClInclude Include="include\AVI20\FCCParser.h">
      <Filter>Header Files</Filter>
    </ClInclude>
    <ClInclude Include="include\AVI20\Namespace.h">
      <Filter>Header Files</Filter>
    </ClInclude>
    <ClInclude Include="include\AVI20\Read\ChunkHeader.h">
      <Filter>Header Files</Filter>
    </ClInclude>
    <ClInclude Include="include\AVI20\Read\FillAVIIndexInfo.h">
      <Filter>Header Files</Filter>
    </ClInclude>
    <ClInclude Include="include\AVI20\Read\FrameIndex.h">
      <Filter>Header Files</Filter>
    </ClInclude>
    <ClInclude Include="include\AVI20\Read\MediaStreamInfo.h">
      <Filter>Header Files</Filter>
    </ClInclude>
    <ClInclude Include="include\AVI20\Read\MediaStreamReader.h">
      <Filter>Header Files</Filter>
    </ClInclude>
    <ClInclude Include="include\AVI20\Read\MediaStreamReaderImpl.h">
      <Filter>Header Files</Filter>
    </ClInclude>
    <ClInclude Include="include\AVI20\Read\ParserBase.h">
      <Filter>Header Files</Filter>
    </ClInclude>
    <ClInclude Include="include\AVI20\Read\Reader.h">
      <Filter>Header Files</Filter>
    </ClInclude>
    <ClInclude Include="include\AVI20\Read\Stream.h">
      <Filter>Header Files</Filter>
    </ClInclude>
    <ClInclude Include="include\AVI20\Read\StreamPosRestorer.h">
      <Filter>Header Files</Filter>
    </ClInclude>
    <ClInclude Include="include\AVI20\Tools\Tools.h">
      <Filter>Header Files</Filter>
    </ClInclude>
    <ClInclude Include="include\AVI20\Utl.h">
      <Filter>Header Files</Filter>
    </ClInclude>
    <ClInclude Include="include\AVI20\WaveFormatEx.h">
      <Filter>Header Files</Filter>
    </ClInclude>
    <ClInclude Include="include\AVI20\Write\FillOutAVIIndex.h">
      <Filter>Header Files</Filter>
    </ClInclude>
    <ClInclude Include="include\AVI20\Write\IMediaStreamWriterParent.h">
      <Filter>Header Files</Filter>
    </ClInclude>
    <ClInclude Include="include\AVI20\Write\MediaStreamWriter.h">
      <Filter>Header Files</Filter>
    </ClInclude>
    <ClInclude Include="include\AVI20\Write\MediaStreamWriterImpl.h">
      <Filter>Header Files</Filter>
    </ClInclude>
    <ClInclude Include="include\AVI20\Write\RiffStream.h">
      <Filter>Header Files</Filter>
    </ClInclude>
    <ClInclude Include="include\AVI20\Write\StreamPosRestorerW.h">
      <Filter>Header Files</Filter>
    </ClInclude>
    <ClInclude Include="include\AVI20\Write\StreamW.h">
      <Filter>Header Files</Filter>
    </ClInclude>
    <ClInclude Include="include\AVI20\Write\Writer.h">
      <Filter>Header Files</Filter>
    </ClInclude>
    <ClInclude Include="include\AVI20\Read\IStream.h">
      <Filter>Header Files</Filter>
    </ClInclude>
    <ClInclude Include="include\AVI20\Read\WindowsStream.h">
      <Filter>Header Files</Filter>
    </ClInclude>
  </ItemGroup>
  <ItemGroup>
    <ClCompile Include="src\Buffer.cpp">
      <Filter>Source Files</Filter>
    </ClCompile>
    <ClCompile Include="src\FCCParser.cpp">
      <Filter>Source Files</Filter>
    </ClCompile>
    <ClCompile Include="src\Read\ChunkHeader.cpp">
      <Filter>Source Files</Filter>
    </ClCompile>
    <ClCompile Include="src\Read\FillAVIIndexInfo.cpp">
      <Filter>Source Files</Filter>
    </ClCompile>
    <ClCompile Include="src\Read\FrameIndex.cpp">
      <Filter>Source Files</Filter>
    </ClCompile>
    <ClCompile Include="src\Read\MediaStreamReader.cpp">
      <Filter>Source Files</Filter>
    </ClCompile>
    <ClCompile Include="src\Read\MediaStreamReaderImpl.cpp">
      <Filter>Source Files</Filter>
    </ClCompile>
    <ClCompile Include="src\Read\ParserBase.cpp">
      <Filter>Source Files</Filter>
    </ClCompile>
    <ClCompile Include="src\Read\Reader.cpp">
      <Filter>Source Files</Filter>
    </ClCompile>
    <ClCompile Include="src\Read\Stream.cpp">
      <Filter>Source Files</Filter>
    </ClCompile>
    <ClCompile Include="src\Read\StreamPosRestorer.cpp">
      <Filter>Source Files</Filter>
    </ClCompile>
    <ClCompile Include="src\Tools\Tools.cpp">
      <Filter>Source Files</Filter>
    </ClCompile>
    <ClCompile Include="src\Utl.cpp">
      <Filter>Source Files</Filter>
    </ClCompile>
    <ClCompile Include="src\WaveFormatEx.cpp">
      <Filter>Source Files</Filter>
    </ClCompile>
    <ClCompile Include="src\Write\FillOutAVIIndex.cpp">
      <Filter>Source Files</Filter>
    </ClCompile>
    <ClCompile Include="src\Write\MediaStreamWriter.cpp">
      <Filter>Source Files</Filter>
    </ClCompile>
    <ClCompile Include="src\Write\MediaStreamWriterImpl.cpp">
      <Filter>Source Files</Filter>
    </ClCompile>
    <ClCompile Include="src\Write\RiffStream.cpp">
      <Filter>Source Files</Filter>
    </ClCompile>
    <ClCompile Include="src\Write\StreamPosRestorerW.cpp">
      <Filter>Source Files</Filter>
    </ClCompile>
    <ClCompile Include="src\Write\StreamW.cpp">
      <Filter>Source Files</Filter>
    </ClCompile>
    <ClCompile Include="src\Write\Writer.cpp">
      <Filter>Source Files</Filter>
    </ClCompile>
    <ClCompile Include="src\Read\WindowsStream.cpp">
      <Filter>Source Files</Filter>
    </ClCompile>
  </ItemGroup>
  <ItemGroup>
    <None Include="packages.config" />
  </ItemGroup>
</Project>